
Microsoft Visual Studio Solution File, Format Version 12.00
# Visual Studio Version 17
VisualStudioVersion = 17.10.35122.118
MinimumVisualStudioVersion = 10.0.40219.1
Project("{FAE04EC0-301F-11D3-BF4B-00C04F79EFBC}") = "UserApi", "UserApi\UserApi.csproj", "{3B5A1E07-09E8-46A8-95D4-1A47472765CB}"
EndProject
Global
	GlobalSection(SolutionConfigurationPlatforms) = preSolution
		Debug|Any CPU = Debug|Any CPU
		Release|Any CPU = Release|Any CPU
	EndGlobalSection
	GlobalSection(ProjectConfigurationPlatforms) = postSolution
		{3B5A1E07-09E8-46A8-95D4-1A47472765CB}.Debug|Any CPU.ActiveCfg = Debug|Any CPU
		{3B5A1E07-09E8-46A8-95D4-1A47472765CB}.Debug|Any CPU.Build.0 = Debug|Any CPU
		{3B5A1E07-09E8-46A8-95D4-1A47472765CB}.Release|Any CPU.ActiveCfg = Release|Any CPU
		{3B5A1E07-09E8-46A8-95D4-1A47472765CB}.Release|Any CPU.Build.0 = Release|Any CPU
	EndGlobalSection
	GlobalSection(SolutionProperties) = preSolution
		HideSolutionNode = FALSE
	EndGlobalSection
	GlobalSection(ExtensibilityGlobals) = postSolution
		SolutionGuid = {6658318B-9149-4EDB-BCC2-F0914C734485}
	EndGlobalSection
EndGlobal
